# Project-Wide Assignments
# ========================
#set_global_assignment -name ORIGINAL_QUARTUS_VERSION "4.1 SP2"
#set_global_assignment -name PROJECT_CREATION_TIME_DATE "16:13:08 DECEMBER 01, 2004"

# Explicitly disable TimeQuest since the GRLIB flow invokes the classical
# timing analyzer and USE_TIMEQUEST_TIMING_ANALYZER defaults to "ON"
# set_global_assignment -name USE_TIMEQUEST_TIMING_ANALYZER "OFF"

set_global_assignment -name VHDL_FILE /home/user/workspace/rvex-rewrite/grlib/grlib-gpl-1.3.7-b4144/lib/grlib/stdlib/version.vhd -library grlib
set_global_assignment -name VHDL_FILE /home/user/workspace/rvex-rewrite/grlib/grlib-gpl-1.3.7-b4144/lib/grlib/stdlib/config_types.vhd -library grlib
set_global_assignment -name VHDL_FILE grlib_config.vhd -library grlib
set_global_assignment -name VHDL_FILE /home/user/workspace/rvex-rewrite/grlib/grlib-gpl-1.3.7-b4144/lib/grlib/stdlib/stdlib.vhd -library grlib
set_global_assignment -name VHDL_FILE /home/user/workspace/rvex-rewrite/grlib/grlib-gpl-1.3.7-b4144/lib/grlib/sparc/sparc.vhd -library grlib
set_global_assignment -name VHDL_FILE /home/user/workspace/rvex-rewrite/grlib/grlib-gpl-1.3.7-b4144/lib/grlib/modgen/multlib.vhd -library grlib
set_global_assignment -name VHDL_FILE /home/user/workspace/rvex-rewrite/grlib/grlib-gpl-1.3.7-b4144/lib/grlib/amba/amba.vhd -library grlib
set_global_assignment -name VHDL_FILE /home/user/workspace/rvex-rewrite/grlib/grlib-gpl-1.3.7-b4144/lib/grlib/amba/devices.vhd -library grlib
set_global_assignment -name VHDL_FILE /home/user/workspace/rvex-rewrite/grlib/grlib-gpl-1.3.7-b4144/lib/grlib/amba/defmst.vhd -library grlib
set_global_assignment -name VHDL_FILE /home/user/workspace/rvex-rewrite/grlib/grlib-gpl-1.3.7-b4144/lib/grlib/amba/apbctrl.vhd -library grlib
set_global_assignment -name VHDL_FILE /home/user/workspace/rvex-rewrite/grlib/grlib-gpl-1.3.7-b4144/lib/grlib/amba/ahbctrl.vhd -library grlib
set_global_assignment -name VHDL_FILE /home/user/workspace/rvex-rewrite/grlib/grlib-gpl-1.3.7-b4144/lib/grlib/amba/dma2ahb_pkg.vhd -library grlib
set_global_assignment -name VHDL_FILE /home/user/workspace/rvex-rewrite/grlib/grlib-gpl-1.3.7-b4144/lib/grlib/amba/dma2ahb.vhd -library grlib
set_global_assignment -name VHDL_FILE /home/user/workspace/rvex-rewrite/grlib/grlib-gpl-1.3.7-b4144/lib/grlib/amba/ahbmst.vhd -library grlib
set_global_assignment -name VHDL_FILE /home/user/workspace/rvex-rewrite/grlib/grlib-gpl-1.3.7-b4144/lib/techmap/gencomp/gencomp.vhd -library techmap
set_global_assignment -name VHDL_FILE /home/user/workspace/rvex-rewrite/grlib/grlib-gpl-1.3.7-b4144/lib/techmap/gencomp/netcomp.vhd -library techmap
set_global_assignment -name VHDL_FILE /home/user/workspace/rvex-rewrite/grlib/grlib-gpl-1.3.7-b4144/lib/techmap/inferred/memory_inferred.vhd -library techmap
set_global_assignment -name VHDL_FILE /home/user/workspace/rvex-rewrite/grlib/grlib-gpl-1.3.7-b4144/lib/techmap/inferred/ddr_inferred.vhd -library techmap
set_global_assignment -name VHDL_FILE /home/user/workspace/rvex-rewrite/grlib/grlib-gpl-1.3.7-b4144/lib/techmap/inferred/mul_inferred.vhd -library techmap
set_global_assignment -name VHDL_FILE /home/user/workspace/rvex-rewrite/grlib/grlib-gpl-1.3.7-b4144/lib/techmap/inferred/ddr_phy_inferred.vhd -library techmap
set_global_assignment -name VHDL_FILE /home/user/workspace/rvex-rewrite/grlib/grlib-gpl-1.3.7-b4144/lib/techmap/inferred/ddrphy_datapath.vhd -library techmap
set_global_assignment -name VHDL_FILE /home/user/workspace/rvex-rewrite/grlib/grlib-gpl-1.3.7-b4144/lib/techmap/maps/allclkgen.vhd -library techmap
set_global_assignment -name VHDL_FILE /home/user/workspace/rvex-rewrite/grlib/grlib-gpl-1.3.7-b4144/lib/techmap/maps/allddr.vhd -library techmap
set_global_assignment -name VHDL_FILE /home/user/workspace/rvex-rewrite/grlib/grlib-gpl-1.3.7-b4144/lib/techmap/maps/allmem.vhd -library techmap
set_global_assignment -name VHDL_FILE /home/user/workspace/rvex-rewrite/grlib/grlib-gpl-1.3.7-b4144/lib/techmap/maps/allmul.vhd -library techmap
set_global_assignment -name VHDL_FILE /home/user/workspace/rvex-rewrite/grlib/grlib-gpl-1.3.7-b4144/lib/techmap/maps/allpads.vhd -library techmap
set_global_assignment -name VHDL_FILE /home/user/workspace/rvex-rewrite/grlib/grlib-gpl-1.3.7-b4144/lib/techmap/maps/alltap.vhd -library techmap
set_global_assignment -name VHDL_FILE /home/user/workspace/rvex-rewrite/grlib/grlib-gpl-1.3.7-b4144/lib/techmap/maps/clkgen.vhd -library techmap
set_global_assignment -name VHDL_FILE /home/user/workspace/rvex-rewrite/grlib/grlib-gpl-1.3.7-b4144/lib/techmap/maps/clkmux.vhd -library techmap
set_global_assignment -name VHDL_FILE /home/user/workspace/rvex-rewrite/grlib/grlib-gpl-1.3.7-b4144/lib/techmap/maps/clkinv.vhd -library techmap
set_global_assignment -name VHDL_FILE /home/user/workspace/rvex-rewrite/grlib/grlib-gpl-1.3.7-b4144/lib/techmap/maps/clkand.vhd -library techmap
set_global_assignment -name VHDL_FILE /home/user/workspace/rvex-rewrite/grlib/grlib-gpl-1.3.7-b4144/lib/techmap/maps/ddr_ireg.vhd -library techmap
set_global_assignment -name VHDL_FILE /home/user/workspace/rvex-rewrite/grlib/grlib-gpl-1.3.7-b4144/lib/techmap/maps/ddr_oreg.vhd -library techmap
set_global_assignment -name VHDL_FILE /home/user/workspace/rvex-rewrite/grlib/grlib-gpl-1.3.7-b4144/lib/techmap/maps/ddrphy.vhd -library techmap
set_global_assignment -name VHDL_FILE /home/user/workspace/rvex-rewrite/grlib/grlib-gpl-1.3.7-b4144/lib/techmap/maps/syncram.vhd -library techmap
set_global_assignment -name VHDL_FILE /home/user/workspace/rvex-rewrite/grlib/grlib-gpl-1.3.7-b4144/lib/techmap/maps/syncram64.vhd -library techmap
set_global_assignment -name VHDL_FILE /home/user/workspace/rvex-rewrite/grlib/grlib-gpl-1.3.7-b4144/lib/techmap/maps/syncram_2p.vhd -library techmap
set_global_assignment -name VHDL_FILE /home/user/workspace/rvex-rewrite/grlib/grlib-gpl-1.3.7-b4144/lib/techmap/maps/syncram_dp.vhd -library techmap
set_global_assignment -name VHDL_FILE /home/user/workspace/rvex-rewrite/grlib/grlib-gpl-1.3.7-b4144/lib/techmap/maps/syncfifo_2p.vhd -library techmap
set_global_assignment -name VHDL_FILE /home/user/workspace/rvex-rewrite/grlib/grlib-gpl-1.3.7-b4144/lib/techmap/maps/regfile_3p.vhd -library techmap
set_global_assignment -name VHDL_FILE /home/user/workspace/rvex-rewrite/grlib/grlib-gpl-1.3.7-b4144/lib/techmap/maps/tap.vhd -library techmap
set_global_assignment -name VHDL_FILE /home/user/workspace/rvex-rewrite/grlib/grlib-gpl-1.3.7-b4144/lib/techmap/maps/techbuf.vhd -library techmap
set_global_assignment -name VHDL_FILE /home/user/workspace/rvex-rewrite/grlib/grlib-gpl-1.3.7-b4144/lib/techmap/maps/nandtree.vhd -library techmap
set_global_assignment -name VHDL_FILE /home/user/workspace/rvex-rewrite/grlib/grlib-gpl-1.3.7-b4144/lib/techmap/maps/clkpad.vhd -library techmap
set_global_assignment -name VHDL_FILE /home/user/workspace/rvex-rewrite/grlib/grlib-gpl-1.3.7-b4144/lib/techmap/maps/clkpad_ds.vhd -library techmap
set_global_assignment -name VHDL_FILE /home/user/workspace/rvex-rewrite/grlib/grlib-gpl-1.3.7-b4144/lib/techmap/maps/inpad.vhd -library techmap
set_global_assignment -name VHDL_FILE /home/user/workspace/rvex-rewrite/grlib/grlib-gpl-1.3.7-b4144/lib/techmap/maps/inpad_ds.vhd -library techmap
set_global_assignment -name VHDL_FILE /home/user/workspace/rvex-rewrite/grlib/grlib-gpl-1.3.7-b4144/lib/techmap/maps/iodpad.vhd -library techmap
set_global_assignment -name VHDL_FILE /home/user/workspace/rvex-rewrite/grlib/grlib-gpl-1.3.7-b4144/lib/techmap/maps/iopad.vhd -library techmap
set_global_assignment -name VHDL_FILE /home/user/workspace/rvex-rewrite/grlib/grlib-gpl-1.3.7-b4144/lib/techmap/maps/iopad_ds.vhd -library techmap
set_global_assignment -name VHDL_FILE /home/user/workspace/rvex-rewrite/grlib/grlib-gpl-1.3.7-b4144/lib/techmap/maps/lvds_combo.vhd -library techmap
set_global_assignment -name VHDL_FILE /home/user/workspace/rvex-rewrite/grlib/grlib-gpl-1.3.7-b4144/lib/techmap/maps/odpad.vhd -library techmap
set_global_assignment -name VHDL_FILE /home/user/workspace/rvex-rewrite/grlib/grlib-gpl-1.3.7-b4144/lib/techmap/maps/outpad.vhd -library techmap
set_global_assignment -name VHDL_FILE /home/user/workspace/rvex-rewrite/grlib/grlib-gpl-1.3.7-b4144/lib/techmap/maps/outpad_ds.vhd -library techmap
set_global_assignment -name VHDL_FILE /home/user/workspace/rvex-rewrite/grlib/grlib-gpl-1.3.7-b4144/lib/techmap/maps/toutpad.vhd -library techmap
set_global_assignment -name VHDL_FILE /home/user/workspace/rvex-rewrite/grlib/grlib-gpl-1.3.7-b4144/lib/techmap/maps/skew_outpad.vhd -library techmap
set_global_assignment -name VHDL_FILE /home/user/workspace/rvex-rewrite/grlib/grlib-gpl-1.3.7-b4144/lib/techmap/maps/grlfpw_net.vhd -library techmap
set_global_assignment -name VHDL_FILE /home/user/workspace/rvex-rewrite/grlib/grlib-gpl-1.3.7-b4144/lib/techmap/maps/grfpw_net.vhd -library techmap
set_global_assignment -name VHDL_FILE /home/user/workspace/rvex-rewrite/grlib/grlib-gpl-1.3.7-b4144/lib/techmap/maps/leon4_net.vhd -library techmap
set_global_assignment -name VHDL_FILE /home/user/workspace/rvex-rewrite/grlib/grlib-gpl-1.3.7-b4144/lib/techmap/maps/mul_61x61.vhd -library techmap
set_global_assignment -name VHDL_FILE /home/user/workspace/rvex-rewrite/grlib/grlib-gpl-1.3.7-b4144/lib/techmap/maps/cpu_disas_net.vhd -library techmap
set_global_assignment -name VHDL_FILE /home/user/workspace/rvex-rewrite/grlib/grlib-gpl-1.3.7-b4144/lib/techmap/maps/ringosc.vhd -library techmap
set_global_assignment -name VHDL_FILE /home/user/workspace/rvex-rewrite/grlib/grlib-gpl-1.3.7-b4144/lib/techmap/maps/system_monitor.vhd -library techmap
set_global_assignment -name VHDL_FILE /home/user/workspace/rvex-rewrite/grlib/grlib-gpl-1.3.7-b4144/lib/techmap/maps/grgates.vhd -library techmap
set_global_assignment -name VHDL_FILE /home/user/workspace/rvex-rewrite/grlib/grlib-gpl-1.3.7-b4144/lib/techmap/maps/inpad_ddr.vhd -library techmap
set_global_assignment -name VHDL_FILE /home/user/workspace/rvex-rewrite/grlib/grlib-gpl-1.3.7-b4144/lib/techmap/maps/outpad_ddr.vhd -library techmap
set_global_assignment -name VHDL_FILE /home/user/workspace/rvex-rewrite/grlib/grlib-gpl-1.3.7-b4144/lib/techmap/maps/iopad_ddr.vhd -library techmap
set_global_assignment -name VHDL_FILE /home/user/workspace/rvex-rewrite/grlib/grlib-gpl-1.3.7-b4144/lib/techmap/maps/syncram128bw.vhd -library techmap
set_global_assignment -name VHDL_FILE /home/user/workspace/rvex-rewrite/grlib/grlib-gpl-1.3.7-b4144/lib/techmap/maps/syncram256bw.vhd -library techmap
set_global_assignment -name VHDL_FILE /home/user/workspace/rvex-rewrite/grlib/grlib-gpl-1.3.7-b4144/lib/techmap/maps/syncram128.vhd -library techmap
set_global_assignment -name VHDL_FILE /home/user/workspace/rvex-rewrite/grlib/grlib-gpl-1.3.7-b4144/lib/techmap/maps/syncram156bw.vhd -library techmap
set_global_assignment -name VHDL_FILE /home/user/workspace/rvex-rewrite/grlib/grlib-gpl-1.3.7-b4144/lib/techmap/maps/techmult.vhd -library techmap
set_global_assignment -name VHDL_FILE /home/user/workspace/rvex-rewrite/grlib/grlib-gpl-1.3.7-b4144/lib/techmap/maps/spictrl_net.vhd -library techmap
set_global_assignment -name VHDL_FILE /home/user/workspace/rvex-rewrite/grlib/grlib-gpl-1.3.7-b4144/lib/techmap/maps/scanreg.vhd -library techmap
set_global_assignment -name VHDL_FILE /home/user/workspace/rvex-rewrite/grlib/grlib-gpl-1.3.7-b4144/lib/techmap/maps/syncrambw.vhd -library techmap
set_global_assignment -name VHDL_FILE /home/user/workspace/rvex-rewrite/grlib/grlib-gpl-1.3.7-b4144/lib/techmap/maps/syncram_2pbw.vhd -library techmap
set_global_assignment -name VHDL_FILE /home/user/workspace/rvex-rewrite/grlib/grlib-gpl-1.3.7-b4144/lib/techmap/maps/sdram_phy.vhd -library techmap
set_global_assignment -name VHDL_FILE /home/user/workspace/rvex-rewrite/grlib/grlib-gpl-1.3.7-b4144/lib/techmap/maps/syncreg.vhd -library techmap
set_global_assignment -name VHDL_FILE /home/user/workspace/rvex-rewrite/grlib/grlib-gpl-1.3.7-b4144/lib/techmap/maps/clkinv.vhd -library techmap
set_global_assignment -name VHDL_FILE /home/user/workspace/rvex-rewrite/grlib/grlib-gpl-1.3.7-b4144/lib/eth/comp/ethcomp.vhd -library eth
set_global_assignment -name VHDL_FILE /home/user/workspace/rvex-rewrite/grlib/grlib-gpl-1.3.7-b4144/lib/eth/core/greth_pkg.vhd -library eth
set_global_assignment -name VHDL_FILE /home/user/workspace/rvex-rewrite/grlib/grlib-gpl-1.3.7-b4144/lib/eth/core/eth_rstgen.vhd -library eth
set_global_assignment -name VHDL_FILE /home/user/workspace/rvex-rewrite/grlib/grlib-gpl-1.3.7-b4144/lib/eth/core/eth_edcl_ahb_mst.vhd -library eth
set_global_assignment -name VHDL_FILE /home/user/workspace/rvex-rewrite/grlib/grlib-gpl-1.3.7-b4144/lib/eth/core/eth_ahb_mst.vhd -library eth
set_global_assignment -name VHDL_FILE /home/user/workspace/rvex-rewrite/grlib/grlib-gpl-1.3.7-b4144/lib/eth/core/greth_tx.vhd -library eth
set_global_assignment -name VHDL_FILE /home/user/workspace/rvex-rewrite/grlib/grlib-gpl-1.3.7-b4144/lib/eth/core/greth_rx.vhd -library eth
set_global_assignment -name VHDL_FILE /home/user/workspace/rvex-rewrite/grlib/grlib-gpl-1.3.7-b4144/lib/eth/core/grethc.vhd -library eth
set_global_assignment -name VHDL_FILE /home/user/workspace/rvex-rewrite/grlib/grlib-gpl-1.3.7-b4144/lib/eth/wrapper/greth_gen.vhd -library eth
set_global_assignment -name VHDL_FILE /home/user/workspace/rvex-rewrite/grlib/grlib-gpl-1.3.7-b4144/lib/eth/wrapper/greth_gbit_gen.vhd -library eth
set_global_assignment -name VHDL_FILE /home/user/workspace/rvex-rewrite/grlib/grlib-gpl-1.3.7-b4144/lib/opencores/i2c/i2c_master_bit_ctrl.vhd -library opencores
set_global_assignment -name VHDL_FILE /home/user/workspace/rvex-rewrite/grlib/grlib-gpl-1.3.7-b4144/lib/opencores/i2c/i2c_master_byte_ctrl.vhd -library opencores
set_global_assignment -name VHDL_FILE /home/user/workspace/rvex-rewrite/grlib/grlib-gpl-1.3.7-b4144/lib/opencores/i2c/i2coc.vhd -library opencores
set_global_assignment -name VHDL_FILE /home/user/workspace/rvex-rewrite/grlib/grlib-gpl-1.3.7-b4144/lib/gaisler/arith/arith.vhd -library gaisler
set_global_assignment -name VHDL_FILE /home/user/workspace/rvex-rewrite/grlib/grlib-gpl-1.3.7-b4144/lib/gaisler/arith/mul32.vhd -library gaisler
set_global_assignment -name VHDL_FILE /home/user/workspace/rvex-rewrite/grlib/grlib-gpl-1.3.7-b4144/lib/gaisler/arith/div32.vhd -library gaisler
set_global_assignment -name VHDL_FILE /home/user/workspace/rvex-rewrite/grlib/grlib-gpl-1.3.7-b4144/lib/gaisler/memctrl/memctrl.vhd -library gaisler
set_global_assignment -name VHDL_FILE /home/user/workspace/rvex-rewrite/grlib/grlib-gpl-1.3.7-b4144/lib/gaisler/memctrl/sdctrl.vhd -library gaisler
set_global_assignment -name VHDL_FILE /home/user/workspace/rvex-rewrite/grlib/grlib-gpl-1.3.7-b4144/lib/gaisler/memctrl/sdctrl64.vhd -library gaisler
set_global_assignment -name VHDL_FILE /home/user/workspace/rvex-rewrite/grlib/grlib-gpl-1.3.7-b4144/lib/gaisler/memctrl/sdmctrl.vhd -library gaisler
set_global_assignment -name VHDL_FILE /home/user/workspace/rvex-rewrite/grlib/grlib-gpl-1.3.7-b4144/lib/gaisler/memctrl/srctrl.vhd -library gaisler
set_global_assignment -name VHDL_FILE /home/user/workspace/rvex-rewrite/grlib/grlib-gpl-1.3.7-b4144/lib/gaisler/srmmu/mmuconfig.vhd -library gaisler
set_global_assignment -name VHDL_FILE /home/user/workspace/rvex-rewrite/grlib/grlib-gpl-1.3.7-b4144/lib/gaisler/srmmu/mmuiface.vhd -library gaisler
set_global_assignment -name VHDL_FILE /home/user/workspace/rvex-rewrite/grlib/grlib-gpl-1.3.7-b4144/lib/gaisler/srmmu/libmmu.vhd -library gaisler
set_global_assignment -name VHDL_FILE /home/user/workspace/rvex-rewrite/grlib/grlib-gpl-1.3.7-b4144/lib/gaisler/srmmu/mmutlbcam.vhd -library gaisler
set_global_assignment -name VHDL_FILE /home/user/workspace/rvex-rewrite/grlib/grlib-gpl-1.3.7-b4144/lib/gaisler/srmmu/mmulrue.vhd -library gaisler
set_global_assignment -name VHDL_FILE /home/user/workspace/rvex-rewrite/grlib/grlib-gpl-1.3.7-b4144/lib/gaisler/srmmu/mmulru.vhd -library gaisler
set_global_assignment -name VHDL_FILE /home/user/workspace/rvex-rewrite/grlib/grlib-gpl-1.3.7-b4144/lib/gaisler/srmmu/mmutlb.vhd -library gaisler
set_global_assignment -name VHDL_FILE /home/user/workspace/rvex-rewrite/grlib/grlib-gpl-1.3.7-b4144/lib/gaisler/srmmu/mmutw.vhd -library gaisler
set_global_assignment -name VHDL_FILE /home/user/workspace/rvex-rewrite/grlib/grlib-gpl-1.3.7-b4144/lib/gaisler/srmmu/mmu.vhd -library gaisler
set_global_assignment -name VHDL_FILE /home/user/workspace/rvex-rewrite/grlib/grlib-gpl-1.3.7-b4144/lib/gaisler/leon3/leon3.vhd -library gaisler
set_global_assignment -name VHDL_FILE /home/user/workspace/rvex-rewrite/grlib/grlib-gpl-1.3.7-b4144/lib/gaisler/leon3/grfpushwx.vhd -library gaisler
set_global_assignment -name VHDL_FILE /home/user/workspace/rvex-rewrite/grlib/grlib-gpl-1.3.7-b4144/lib/gaisler/irqmp/irqmp.vhd -library gaisler
set_global_assignment -name VHDL_FILE /home/user/workspace/rvex-rewrite/grlib/grlib-gpl-1.3.7-b4144/lib/gaisler/l2cache/v2-pkg/l2cache.vhd -library gaisler
set_global_assignment -name VHDL_FILE /home/user/workspace/rvex-rewrite/grlib/grlib-gpl-1.3.7-b4144/lib/gaisler/misc/misc.vhd -library gaisler
set_global_assignment -name VHDL_FILE /home/user/workspace/rvex-rewrite/grlib/grlib-gpl-1.3.7-b4144/lib/gaisler/misc/rstgen.vhd -library gaisler
set_global_assignment -name VHDL_FILE /home/user/workspace/rvex-rewrite/grlib/grlib-gpl-1.3.7-b4144/lib/gaisler/misc/gptimer.vhd -library gaisler
set_global_assignment -name VHDL_FILE /home/user/workspace/rvex-rewrite/grlib/grlib-gpl-1.3.7-b4144/lib/gaisler/misc/ahbram.vhd -library gaisler
set_global_assignment -name VHDL_FILE /home/user/workspace/rvex-rewrite/grlib/grlib-gpl-1.3.7-b4144/lib/gaisler/misc/ahbdpram.vhd -library gaisler
set_global_assignment -name VHDL_FILE /home/user/workspace/rvex-rewrite/grlib/grlib-gpl-1.3.7-b4144/lib/gaisler/misc/ahbtrace_mmb.vhd -library gaisler
set_global_assignment -name VHDL_FILE /home/user/workspace/rvex-rewrite/grlib/grlib-gpl-1.3.7-b4144/lib/gaisler/misc/ahbtrace_mb.vhd -library gaisler
set_global_assignment -name VHDL_FILE /home/user/workspace/rvex-rewrite/grlib/grlib-gpl-1.3.7-b4144/lib/gaisler/misc/ahbtrace.vhd -library gaisler
set_global_assignment -name VHDL_FILE /home/user/workspace/rvex-rewrite/grlib/grlib-gpl-1.3.7-b4144/lib/gaisler/misc/grgpio.vhd -library gaisler
set_global_assignment -name VHDL_FILE /home/user/workspace/rvex-rewrite/grlib/grlib-gpl-1.3.7-b4144/lib/gaisler/misc/ahbstat.vhd -library gaisler
set_global_assignment -name VHDL_FILE /home/user/workspace/rvex-rewrite/grlib/grlib-gpl-1.3.7-b4144/lib/gaisler/misc/logan.vhd -library gaisler
set_global_assignment -name VHDL_FILE /home/user/workspace/rvex-rewrite/grlib/grlib-gpl-1.3.7-b4144/lib/gaisler/misc/apbps2.vhd -library gaisler
set_global_assignment -name VHDL_FILE /home/user/workspace/rvex-rewrite/grlib/grlib-gpl-1.3.7-b4144/lib/gaisler/misc/charrom_package.vhd -library gaisler
set_global_assignment -name VHDL_FILE /home/user/workspace/rvex-rewrite/grlib/grlib-gpl-1.3.7-b4144/lib/gaisler/misc/charrom.vhd -library gaisler
set_global_assignment -name VHDL_FILE /home/user/workspace/rvex-rewrite/grlib/grlib-gpl-1.3.7-b4144/lib/gaisler/misc/apbvga.vhd -library gaisler
set_global_assignment -name VHDL_FILE /home/user/workspace/rvex-rewrite/grlib/grlib-gpl-1.3.7-b4144/lib/gaisler/misc/svgactrl.vhd -library gaisler
set_global_assignment -name VHDL_FILE /home/user/workspace/rvex-rewrite/grlib/grlib-gpl-1.3.7-b4144/lib/gaisler/misc/grsysmon.vhd -library gaisler
set_global_assignment -name VHDL_FILE /home/user/workspace/rvex-rewrite/grlib/grlib-gpl-1.3.7-b4144/lib/gaisler/misc/grgpreg.vhd -library gaisler
set_global_assignment -name VHDL_FILE /home/user/workspace/rvex-rewrite/grlib/grlib-gpl-1.3.7-b4144/lib/gaisler/misc/ahb_mst_iface.vhd -library gaisler
set_global_assignment -name VHDL_FILE /home/user/workspace/rvex-rewrite/grlib/grlib-gpl-1.3.7-b4144/lib/gaisler/misc/grgprbank.vhd -library gaisler
set_global_assignment -name VHDL_FILE /home/user/workspace/rvex-rewrite/grlib/grlib-gpl-1.3.7-b4144/lib/gaisler/net/net.vhd -library gaisler
set_global_assignment -name VHDL_FILE /home/user/workspace/rvex-rewrite/grlib/grlib-gpl-1.3.7-b4144/lib/gaisler/pci/pci.vhd -library gaisler
set_global_assignment -name VHDL_FILE /home/user/workspace/rvex-rewrite/grlib/grlib-gpl-1.3.7-b4144/lib/gaisler/pci/pcipads.vhd -library gaisler
set_global_assignment -name VHDL_FILE /home/user/workspace/rvex-rewrite/grlib/grlib-gpl-1.3.7-b4144/lib/gaisler/pci/pcitrace/pcitrace.vhd -library gaisler
set_global_assignment -name VHDL_FILE /home/user/workspace/rvex-rewrite/grlib/grlib-gpl-1.3.7-b4144/lib/gaisler/pci/grpci1/pcilib.vhd -library gaisler
set_global_assignment -name VHDL_FILE /home/user/workspace/rvex-rewrite/grlib/grlib-gpl-1.3.7-b4144/lib/gaisler/pci/grpci1/pciahbmst.vhd -library gaisler
set_global_assignment -name VHDL_FILE /home/user/workspace/rvex-rewrite/grlib/grlib-gpl-1.3.7-b4144/lib/gaisler/pci/grpci1/pci_target.vhd -library gaisler
set_global_assignment -name VHDL_FILE /home/user/workspace/rvex-rewrite/grlib/grlib-gpl-1.3.7-b4144/lib/gaisler/pci/grpci1/pci_mt.vhd -library gaisler
set_global_assignment -name VHDL_FILE /home/user/workspace/rvex-rewrite/grlib/grlib-gpl-1.3.7-b4144/lib/gaisler/pci/grpci1/dmactrl.vhd -library gaisler
set_global_assignment -name VHDL_FILE /home/user/workspace/rvex-rewrite/grlib/grlib-gpl-1.3.7-b4144/lib/gaisler/pci/grpci1/pci_mtf.vhd -library gaisler
set_global_assignment -name VHDL_FILE /home/user/workspace/rvex-rewrite/grlib/grlib-gpl-1.3.7-b4144/lib/gaisler/pci/grpci1/pcidma.vhd -library gaisler
set_global_assignment -name VHDL_FILE /home/user/workspace/rvex-rewrite/grlib/grlib-gpl-1.3.7-b4144/lib/gaisler/uart/uart.vhd -library gaisler
set_global_assignment -name VHDL_FILE /home/user/workspace/rvex-rewrite/grlib/grlib-gpl-1.3.7-b4144/lib/gaisler/uart/libdcom.vhd -library gaisler
set_global_assignment -name VHDL_FILE /home/user/workspace/rvex-rewrite/grlib/grlib-gpl-1.3.7-b4144/lib/gaisler/uart/apbuart.vhd -library gaisler
set_global_assignment -name VHDL_FILE /home/user/workspace/rvex-rewrite/grlib/grlib-gpl-1.3.7-b4144/lib/gaisler/uart/dcom.vhd -library gaisler
set_global_assignment -name VHDL_FILE /home/user/workspace/rvex-rewrite/grlib/grlib-gpl-1.3.7-b4144/lib/gaisler/uart/dcom_uart.vhd -library gaisler
set_global_assignment -name VHDL_FILE /home/user/workspace/rvex-rewrite/grlib/grlib-gpl-1.3.7-b4144/lib/gaisler/uart/ahbuart.vhd -library gaisler
set_global_assignment -name VHDL_FILE /home/user/workspace/rvex-rewrite/grlib/grlib-gpl-1.3.7-b4144/lib/gaisler/jtag/jtag.vhd -library gaisler
set_global_assignment -name VHDL_FILE /home/user/workspace/rvex-rewrite/grlib/grlib-gpl-1.3.7-b4144/lib/gaisler/jtag/libjtagcom.vhd -library gaisler
set_global_assignment -name VHDL_FILE /home/user/workspace/rvex-rewrite/grlib/grlib-gpl-1.3.7-b4144/lib/gaisler/jtag/jtagcom.vhd -library gaisler
set_global_assignment -name VHDL_FILE /home/user/workspace/rvex-rewrite/grlib/grlib-gpl-1.3.7-b4144/lib/gaisler/jtag/ahbjtag.vhd -library gaisler
set_global_assignment -name VHDL_FILE /home/user/workspace/rvex-rewrite/grlib/grlib-gpl-1.3.7-b4144/lib/gaisler/jtag/ahbjtag_bsd.vhd -library gaisler
set_global_assignment -name VHDL_FILE /home/user/workspace/rvex-rewrite/grlib/grlib-gpl-1.3.7-b4144/lib/gaisler/jtag/bscanregs.vhd -library gaisler
set_global_assignment -name VHDL_FILE /home/user/workspace/rvex-rewrite/grlib/grlib-gpl-1.3.7-b4144/lib/gaisler/jtag/bscanregsbd.vhd -library gaisler
set_global_assignment -name VHDL_FILE /home/user/workspace/rvex-rewrite/grlib/grlib-gpl-1.3.7-b4144/lib/gaisler/jtag/jtagcom2.vhd -library gaisler
set_global_assignment -name VHDL_FILE /home/user/workspace/rvex-rewrite/grlib/grlib-gpl-1.3.7-b4144/lib/gaisler/greth/ethernet_mac.vhd -library gaisler
set_global_assignment -name VHDL_FILE /home/user/workspace/rvex-rewrite/grlib/grlib-gpl-1.3.7-b4144/lib/gaisler/greth/greth.vhd -library gaisler
set_global_assignment -name VHDL_FILE /home/user/workspace/rvex-rewrite/grlib/grlib-gpl-1.3.7-b4144/lib/gaisler/greth/greth_mb.vhd -library gaisler
set_global_assignment -name VHDL_FILE /home/user/workspace/rvex-rewrite/grlib/grlib-gpl-1.3.7-b4144/lib/gaisler/greth/greth_gbit.vhd -library gaisler
set_global_assignment -name VHDL_FILE /home/user/workspace/rvex-rewrite/grlib/grlib-gpl-1.3.7-b4144/lib/gaisler/greth/greth_gbit_mb.vhd -library gaisler
set_global_assignment -name VHDL_FILE /home/user/workspace/rvex-rewrite/grlib/grlib-gpl-1.3.7-b4144/lib/gaisler/greth/grethm.vhd -library gaisler
set_global_assignment -name VHDL_FILE /home/user/workspace/rvex-rewrite/grlib/grlib-gpl-1.3.7-b4144/lib/gaisler/greth/rgmii.vhd -library gaisler
set_global_assignment -name VHDL_FILE /home/user/workspace/rvex-rewrite/grlib/grlib-gpl-1.3.7-b4144/lib/gaisler/ddr/ddrpkg.vhd -library gaisler
set_global_assignment -name VHDL_FILE /home/user/workspace/rvex-rewrite/grlib/grlib-gpl-1.3.7-b4144/lib/gaisler/ddr/ddrintpkg.vhd -library gaisler
set_global_assignment -name VHDL_FILE /home/user/workspace/rvex-rewrite/grlib/grlib-gpl-1.3.7-b4144/lib/gaisler/ddr/ddrphy_wrap.vhd -library gaisler
set_global_assignment -name VHDL_FILE /home/user/workspace/rvex-rewrite/grlib/grlib-gpl-1.3.7-b4144/lib/gaisler/ddr/ddrspa.vhd -library gaisler
set_global_assignment -name VHDL_FILE /home/user/workspace/rvex-rewrite/grlib/grlib-gpl-1.3.7-b4144/lib/gaisler/ddr/ddr2spa.vhd -library gaisler
set_global_assignment -name VHDL_FILE /home/user/workspace/rvex-rewrite/grlib/grlib-gpl-1.3.7-b4144/lib/gaisler/ddr/ddr2buf.vhd -library gaisler
set_global_assignment -name VHDL_FILE /home/user/workspace/rvex-rewrite/grlib/grlib-gpl-1.3.7-b4144/lib/gaisler/ddr/ddr2spax.vhd -library gaisler
set_global_assignment -name VHDL_FILE /home/user/workspace/rvex-rewrite/grlib/grlib-gpl-1.3.7-b4144/lib/gaisler/ddr/ddr2spax_ahb.vhd -library gaisler
set_global_assignment -name VHDL_FILE /home/user/workspace/rvex-rewrite/grlib/grlib-gpl-1.3.7-b4144/lib/gaisler/ddr/ddr2spax_ddr.vhd -library gaisler
set_global_assignment -name VHDL_FILE /home/user/workspace/rvex-rewrite/grlib/grlib-gpl-1.3.7-b4144/lib/gaisler/ddr/ddr1spax.vhd -library gaisler
set_global_assignment -name VHDL_FILE /home/user/workspace/rvex-rewrite/grlib/grlib-gpl-1.3.7-b4144/lib/gaisler/ddr/ddr1spax_ddr.vhd -library gaisler
set_global_assignment -name VHDL_FILE /home/user/workspace/rvex-rewrite/grlib/grlib-gpl-1.3.7-b4144/lib/gaisler/ddr/ahb2mig_series7_pkg.vhd -library gaisler
set_global_assignment -name VHDL_FILE /home/user/workspace/rvex-rewrite/grlib/grlib-gpl-1.3.7-b4144/lib/gaisler/ddr/ahb2mig_series7.vhd -library gaisler
set_global_assignment -name VHDL_FILE /home/user/workspace/rvex-rewrite/grlib/grlib-gpl-1.3.7-b4144/lib/gaisler/ddr/ahb2avl_async.vhd -library gaisler
set_global_assignment -name VHDL_FILE /home/user/workspace/rvex-rewrite/grlib/grlib-gpl-1.3.7-b4144/lib/gaisler/ddr/ahb2avl_async_be.vhd -library gaisler
set_global_assignment -name VHDL_FILE /home/user/workspace/rvex-rewrite/grlib/grlib-gpl-1.3.7-b4144/lib/gaisler/i2c/i2c.vhd -library gaisler
set_global_assignment -name VHDL_FILE /home/user/workspace/rvex-rewrite/grlib/grlib-gpl-1.3.7-b4144/lib/gaisler/i2c/i2cmst.vhd -library gaisler
set_global_assignment -name VHDL_FILE /home/user/workspace/rvex-rewrite/grlib/grlib-gpl-1.3.7-b4144/lib/gaisler/i2c/i2cmst_gen.vhd -library gaisler
set_global_assignment -name VHDL_FILE /home/user/workspace/rvex-rewrite/grlib/grlib-gpl-1.3.7-b4144/lib/gaisler/i2c/i2cslv.vhd -library gaisler
set_global_assignment -name VHDL_FILE /home/user/workspace/rvex-rewrite/grlib/grlib-gpl-1.3.7-b4144/lib/gaisler/i2c/i2c2ahbx.vhd -library gaisler
set_global_assignment -name VHDL_FILE /home/user/workspace/rvex-rewrite/grlib/grlib-gpl-1.3.7-b4144/lib/gaisler/i2c/i2c2ahb.vhd -library gaisler
set_global_assignment -name VHDL_FILE /home/user/workspace/rvex-rewrite/grlib/grlib-gpl-1.3.7-b4144/lib/gaisler/i2c/i2c2ahb_apb.vhd -library gaisler
set_global_assignment -name VHDL_FILE /home/user/workspace/rvex-rewrite/grlib/grlib-gpl-1.3.7-b4144/lib/gaisler/i2c/i2c2ahb_gen.vhd -library gaisler
set_global_assignment -name VHDL_FILE /home/user/workspace/rvex-rewrite/grlib/grlib-gpl-1.3.7-b4144/lib/gaisler/i2c/i2c2ahb_apb_gen.vhd -library gaisler
set_global_assignment -name VHDL_FILE /home/user/workspace/rvex-rewrite/grlib/grlib-gpl-1.3.7-b4144/lib/esa/memoryctrl/memoryctrl.vhd -library esa
set_global_assignment -name VHDL_FILE /home/user/workspace/rvex-rewrite/grlib/grlib-gpl-1.3.7-b4144/lib/esa/memoryctrl/mctrl.vhd -library esa
set_global_assignment -name VHDL_FILE /home/user/workspace/rvex-rewrite/grlib/grlib-gpl-1.3.7-b4144/lib/esa/pci/pcicomp.vhd -library esa
set_global_assignment -name VHDL_FILE /home/user/workspace/rvex-rewrite/grlib/grlib-gpl-1.3.7-b4144/lib/esa/pci/pci_arb_pkg.vhd -library esa
set_global_assignment -name VHDL_FILE /home/user/workspace/rvex-rewrite/grlib/grlib-gpl-1.3.7-b4144/lib/esa/pci/pci_arb.vhd -library esa
set_global_assignment -name VHDL_FILE /home/user/workspace/rvex-rewrite/grlib/grlib-gpl-1.3.7-b4144/lib/esa/pci/pciarb.vhd -library esa
set_global_assignment -name VHDL_FILE rvex-lib/rvex/common/common_pkg.vhd -library rvex
set_global_assignment -name VHDL_FILE rvex-lib/rvex/utils/utils_pkg.vhd -library rvex
set_global_assignment -name VHDL_FILE rvex-lib/rvex/utils/utils_sync.vhd -library rvex
set_global_assignment -name VHDL_FILE rvex-lib/rvex/utils/utils_fracDiv.vhd -library rvex
set_global_assignment -name VHDL_FILE rvex-lib/rvex/utils/utils_crc.vhd -library rvex
set_global_assignment -name VHDL_FILE rvex-lib/rvex/utils/utils_uart_rxBit.vhd -library rvex
set_global_assignment -name VHDL_FILE rvex-lib/rvex/utils/utils_uart_rxByte.vhd -library rvex
set_global_assignment -name VHDL_FILE rvex-lib/rvex/utils/utils_uart_tx.vhd -library rvex
set_global_assignment -name VHDL_FILE rvex-lib/rvex/utils/utils_uart.vhd -library rvex
set_global_assignment -name VHDL_FILE rvex-lib/rvex/utils/utils_optiprims.vhd -library rvex
set_global_assignment -name VHDL_FILE rvex-lib/rvex/utils/simUtils_pkg.vhd -library rvex
set_global_assignment -name VHDL_FILE rvex-lib/rvex/utils/simUtils_mem_pkg.vhd -library rvex
set_global_assignment -name VHDL_FILE rvex-lib/rvex/utils/simUtils_scanner_pkg.vhd -library rvex
set_global_assignment -name VHDL_FILE rvex-lib/rvex/bus/bus_pkg.vhd -library rvex
set_global_assignment -name VHDL_FILE rvex-lib/rvex/bus/bus_addrConv_pkg.vhd -library rvex
set_global_assignment -name VHDL_FILE rvex-lib/rvex/bus/bus_ramBlock_singlePort.vhd -library rvex
set_global_assignment -name VHDL_FILE rvex-lib/rvex/bus/bus_ramBlock.vhd -library rvex
set_global_assignment -name VHDL_FILE rvex-lib/rvex/bus/bus_arbiter.vhd -library rvex
set_global_assignment -name VHDL_FILE rvex-lib/rvex/bus/bus_demux.vhd -library rvex
set_global_assignment -name VHDL_FILE rvex-lib/rvex/bus/bus_crossClock.vhd -library rvex
set_global_assignment -name VHDL_FILE rvex-lib/rvex/bus/bus_stage.vhd -library rvex
set_global_assignment -name VHDL_FILE rvex-lib/rvex/core/core_version_pkg.vhd -library rvex
set_global_assignment -name VHDL_FILE rvex-lib/rvex/core/core_pkg.vhd -library rvex
set_global_assignment -name VHDL_FILE rvex-lib/rvex/core/core_pipeline_pkg.vhd -library rvex
set_global_assignment -name VHDL_FILE rvex-lib/rvex/core/core_ctrlRegs_pkg.vhd -library rvex
set_global_assignment -name VHDL_FILE rvex-lib/rvex/core/core_intIface_pkg.vhd -library rvex
set_global_assignment -name VHDL_FILE rvex-lib/rvex/core/core_opcodeDatapath_pkg.vhd -library rvex
set_global_assignment -name VHDL_FILE rvex-lib/rvex/core/core_opcodeAlu_pkg.vhd -library rvex
set_global_assignment -name VHDL_FILE rvex-lib/rvex/core/core_opcodeBranch_pkg.vhd -library rvex
set_global_assignment -name VHDL_FILE rvex-lib/rvex/core/core_opcodeMemory_pkg.vhd -library rvex
set_global_assignment -name VHDL_FILE rvex-lib/rvex/core/core_opcodeMultiplier_pkg.vhd -library rvex
set_global_assignment -name VHDL_FILE rvex-lib/rvex/core/core_opcode_pkg.vhd -library rvex
set_global_assignment -name VHDL_FILE rvex-lib/rvex/core/core_trap_pkg.vhd -library rvex
set_global_assignment -name VHDL_FILE rvex-lib/rvex/core/core_asDisas_pkg.vhd -library rvex
set_global_assignment -name VHDL_FILE rvex-lib/rvex/core/core_alu.vhd -library rvex
set_global_assignment -name VHDL_FILE rvex-lib/rvex/core/core_brku.vhd -library rvex
set_global_assignment -name VHDL_FILE rvex-lib/rvex/core/core_br.vhd -library rvex
set_global_assignment -name VHDL_FILE rvex-lib/rvex/core/core_cfgCtrl_decode.vhd -library rvex
set_global_assignment -name VHDL_FILE rvex-lib/rvex/core/core_cfgCtrl.vhd -library rvex
set_global_assignment -name VHDL_FILE rvex-lib/rvex/core/core_forward.vhd -library rvex
set_global_assignment -name VHDL_FILE rvex-lib/rvex/core/core_contextPipelaneIFace.vhd -library rvex
set_global_assignment -name VHDL_FILE rvex-lib/rvex/core/core_contextRegLogic.vhd -library rvex
set_global_assignment -name VHDL_FILE rvex-lib/rvex/core/core_ctrlRegs_busSwitch.vhd -library rvex
set_global_assignment -name VHDL_FILE rvex-lib/rvex/core/core_ctrlRegs_contextLaneSwitch.vhd -library rvex
set_global_assignment -name VHDL_FILE rvex-lib/rvex/core/core_ctrlRegs.vhd -library rvex
set_global_assignment -name VHDL_FILE rvex-lib/rvex/core/core_dmemSwitch.vhd -library rvex
set_global_assignment -name VHDL_FILE rvex-lib/rvex/core/core_globalRegLogic.vhd -library rvex
set_global_assignment -name VHDL_FILE rvex-lib/rvex/core/core_gpRegs_mem.vhd -library rvex
set_global_assignment -name VHDL_FILE rvex-lib/rvex/core/core_gpRegs_sim.vhd -library rvex
set_global_assignment -name VHDL_FILE rvex-lib/rvex/core/core_gpRegs_simple.vhd -library rvex
set_global_assignment -name VHDL_FILE rvex-lib/rvex/core/core_gpRegs.vhd -library rvex
set_global_assignment -name VHDL_FILE rvex-lib/rvex/core/core_limmRouting.vhd -library rvex
set_global_assignment -name VHDL_FILE rvex-lib/rvex/core/core_memu.vhd -library rvex
set_global_assignment -name VHDL_FILE rvex-lib/rvex/core/core_mulu.vhd -library rvex
set_global_assignment -name VHDL_FILE rvex-lib/rvex/core/core_pipelane.vhd -library rvex
set_global_assignment -name VHDL_FILE rvex-lib/rvex/core/core_stopBitRouting.vhd -library rvex
set_global_assignment -name VHDL_FILE rvex-lib/rvex/core/core_trapRouting.vhd -library rvex
set_global_assignment -name VHDL_FILE rvex-lib/rvex/core/core_pipelanes.vhd -library rvex
set_global_assignment -name VHDL_FILE rvex-lib/rvex/core/core_instructionBuffer.vhd -library rvex
set_global_assignment -name VHDL_FILE rvex-lib/rvex/core/core_trace.vhd -library rvex
set_global_assignment -name VHDL_FILE rvex-lib/rvex/core/core.vhd -library rvex
set_global_assignment -name VHDL_FILE rvex-lib/rvex/cache/cache_pkg.vhd -library rvex
set_global_assignment -name VHDL_FILE rvex-lib/rvex/cache/cache_data_blockData.vhd -library rvex
set_global_assignment -name VHDL_FILE rvex-lib/rvex/cache/cache_data_blockTag.vhd -library rvex
set_global_assignment -name VHDL_FILE rvex-lib/rvex/cache/cache_data_blockValid.vhd -library rvex
set_global_assignment -name VHDL_FILE rvex-lib/rvex/cache/cache_data_mainCtrl.vhd -library rvex
set_global_assignment -name VHDL_FILE rvex-lib/rvex/cache/cache_data_block.vhd -library rvex
set_global_assignment -name VHDL_FILE rvex-lib/rvex/cache/cache_data.vhd -library rvex
set_global_assignment -name VHDL_FILE rvex-lib/rvex/cache/cache_instr_blockData.vhd -library rvex
set_global_assignment -name VHDL_FILE rvex-lib/rvex/cache/cache_instr_blockTag.vhd -library rvex
set_global_assignment -name VHDL_FILE rvex-lib/rvex/cache/cache_instr_blockValid.vhd -library rvex
set_global_assignment -name VHDL_FILE rvex-lib/rvex/cache/cache_instr_missCtrl.vhd -library rvex
set_global_assignment -name VHDL_FILE rvex-lib/rvex/cache/cache_instr_block.vhd -library rvex
set_global_assignment -name VHDL_FILE rvex-lib/rvex/cache/cache_instr.vhd -library rvex
set_global_assignment -name VHDL_FILE rvex-lib/rvex/cache/cache.vhd -library rvex
set_global_assignment -name VHDL_FILE rvex-lib/rvex/gaisler/bus2ahb.vhd -library rvex
set_global_assignment -name VHDL_FILE rvex-lib/rvex/gaisler/ahb2bus.vhd -library rvex
set_global_assignment -name VHDL_FILE rvex-lib/rvex/gaisler/ahb_snoop.vhd -library rvex
set_global_assignment -name VHDL_FILE rvex-lib/rvex/periph/periph_uart_packetHandler.vhd -library rvex
set_global_assignment -name VHDL_FILE rvex-lib/rvex/periph/periph_uart_packetBuffer.vhd -library rvex
set_global_assignment -name VHDL_FILE rvex-lib/rvex/periph/periph_uart_packetControl.vhd -library rvex
set_global_assignment -name VHDL_FILE rvex-lib/rvex/periph/periph_uart_fifo.vhd -library rvex
set_global_assignment -name VHDL_FILE rvex-lib/rvex/periph/periph_uart_busIface.vhd -library rvex
set_global_assignment -name VHDL_FILE rvex-lib/rvex/periph/periph_uart_switch.vhd -library rvex
set_global_assignment -name VHDL_FILE rvex-lib/rvex/periph/periph_uart.vhd -library rvex
set_global_assignment -name VHDL_FILE rvex-lib/rvex/periph/periph_irq.vhd -library rvex
set_global_assignment -name VHDL_FILE rvex-lib/rvex/periph/periph_trace.vhd -library rvex
set_global_assignment -name VHDL_FILE rvex-lib/rvex/system/rvsys_grlib_pkg.vhd -library rvex
set_global_assignment -name VHDL_FILE rvex-lib/rvex/system/rvsys_grlib_rctrl.vhd -library rvex
set_global_assignment -name VHDL_FILE rvex-lib/rvex/system/rvsys_grlib.vhd -library rvex
set_global_assignment -name VHDL_FILE rvex-lib/rvex/system/rvsys_standalone_pkg.vhd -library rvex
set_global_assignment -name VHDL_FILE rvex-lib/rvex/system/rvsys_standalone_core.vhd -library rvex
set_global_assignment -name VHDL_FILE rvex-lib/rvex/system/rvsys_standalone_cachedCore.vhd -library rvex
set_global_assignment -name VHDL_FILE rvex-lib/rvex/system/rvsys_standalone.vhd -library rvex
set_global_assignment -name VHDL_FILE ahb2mig_ml605.vhd
set_global_assignment -name VHDL_FILE config.vhd
set_global_assignment -name VHDL_FILE ahbrom.vhd
set_global_assignment -name VHDL_FILE svga2ch7301c.vhd
set_global_assignment -name VHDL_FILE gtxclk.vhd
set_global_assignment -name VHDL_FILE ptag.vhd
set_global_assignment -name VHDL_FILE gracectrl.vhd
set_global_assignment -name VHDL_FILE leon3mp.vhd

set_global_assignment -name TOP_LEVEL_ENTITY "leon3mp"
